[[package]]
name = "invoke"
version = "2.0.0"
description = "Pythonic task execution"
category = "main"
optional = false
python-versions = ">=3.6"

[[package]]
name = "peewee"
version = "3.15.4"
description = "a little orm"
category = "main"
optional = false
python-versions = "*"

[metadata]
lock-version = "1.1"
python-versions = "^3.10"
content-hash = "92e4b6a781e13e56e76705f281aa73782936aa0b24f3823d06517bd7668d665b"

[metadata.files]
invoke = []
peewee = []
